
Microsoft Visual Studio Solution File, Format Version 12.00
# Visual Studio Version 17
VisualStudioVersion = 17.11.35327.3
MinimumVisualStudioVersion = 10.0.40219.1
Project("{FAE04EC0-301F-11D3-BF4B-00C04F79EFBC}") = "algoritmo4.4", "algoritmo4.4.csproj", "{D1D8D558-7585-454D-BDD8-CFB03E92E7A7}"
EndProject
Global
	GlobalSection(SolutionConfigurationPlatforms) = preSolution
		Debug|Any CPU = Debug|Any CPU
		Release|Any CPU = Release|Any CPU
	EndGlobalSection
	GlobalSection(ProjectConfigurationPlatforms) = postSolution
		{D1D8D558-7585-454D-BDD8-CFB03E92E7A7}.Debug|Any CPU.ActiveCfg = Debug|Any CPU
		{D1D8D558-7585-454D-BDD8-CFB03E92E7A7}.Debug|Any CPU.Build.0 = Debug|Any CPU
		{D1D8D558-7585-454D-BDD8-CFB03E92E7A7}.Release|Any CPU.ActiveCfg = Release|Any CPU
		{D1D8D558-7585-454D-BDD8-CFB03E92E7A7}.Release|Any CPU.Build.0 = Release|Any CPU
	EndGlobalSection
	GlobalSection(SolutionProperties) = preSolution
		HideSolutionNode = FALSE
	EndGlobalSection
	GlobalSection(ExtensibilityGlobals) = postSolution
		SolutionGuid = {BD126F9B-5EA3-443A-9C5C-D92E0AEE2D07}
	EndGlobalSection
EndGlobal
